// !$*UTF8*$!
{
	archiveVersion = 1;
	classes = {
	};
	objectVersion = 56;
	objects = {

/* Begin PBXBuildFile section */
		D68B52952C19992900835613 /* AppDelegate.swift in Sources */ = {isa = PBXBuildFile; fileRef = D68B52942C19992900835613 /* AppDelegate.swift */; };
		D68B52972C19992900835613 /* SceneDelegate.swift in Sources */ = {isa = PBXBuildFile; fileRef = D68B52962C19992900835613 /* SceneDelegate.swift */; };
		D68B52992C19992900835613 /* ViewController.swift in Sources */ = {isa = PBXBuildFile; fileRef = D68B52982C19992900835613 /* ViewController.swift */; };
		D68B529C2C19992900835613 /* Base in Resources */ = {isa = PBXBuildFile; fileRef = D68B529B2C19992900835613 /* Base */; };
		D68B529E2C19992A00835613 /* Assets.xcassets in Resources */ = {isa = PBXBuildFile; fileRef = D68B529D2C19992A00835613 /* Assets.xcassets */; };
		D68B52A12C19992A00835613 /* Base in Resources */ = {isa = PBXBuildFile; fileRef = D68B52A02C19992A00835613 /* Base */; };
		D68B52AC2C199DC100835613 /* APIManager.swift in Sources */ = {isa = PBXBuildFile; fileRef = D68B52AB2C199DC100835613 /* APIManager.swift */; };
		D68B52AE2C19A0BF00835613 /* APIModel.swift in Sources */ = {isa = PBXBuildFile; fileRef = D68B52AD2C19A0BF00835613 /* APIModel.swift */; };
/* End PBXBuildFile section */

/* Begin PBXFileReference section */
		D68B52912C19992900835613 /* APIcrud.app */ = {isa = PBXFileReference; explicitFileType = wrapper.application; includeInIndex = 0; path = APIcrud.app; sourceTree = BUILT_PRODUCTS_DIR; };
		D68B52942C19992900835613 /* AppDelegate.swift */ = {isa = PBXFileReference; lastKnownFileType = sourcecode.swift; path = AppDelegate.swift; sourceTree = "<group>"; };
		D68B52962C19992900835613 /* SceneDelegate.swift */ = {isa = PBXFileReference; lastKnownFileType = sourcecode.swift; path = SceneDelegate.swift; sourceTree = "<group>"; };
		D68B52982C19992900835613 /* ViewController.swift */ = {isa = PBXFileReference; lastKnownFileType = sourcecode.swift; path = ViewController.swift; sourceTree = "<group>"; };
		D68B529B2C19992900835613 /* Base */ = {isa = PBXFileReference; lastKnownFileType = file.storyboard; name = Base; path = Base.lproj/Main.storyboard; sourceTree = "<group>"; };
		D68B529D2C19992A00835613 /* Assets.xcassets */ = {isa = PBXFileReference; lastKnownFileType = folder.assetcatalog; path = Assets.xcassets; sourceTree = "<group>"; };
		D68B52A02C19992A00835613 /* Base */ = {isa = PBXFileReference; lastKnownFileType = file.storyboard; name = Base; path = Base.lproj/LaunchScreen.storyboard; sourceTree = "<group>"; };
		D68B52A22C19992A00835613 /* Info.plist */ = {isa = PBXFileReference; lastKnownFileType = text.plist.xml; path = Info.plist; sourceTree = "<group>"; };
		D68B52AB2C199DC100835613 /* APIManager.swift */ = {isa = PBXFileReference; lastKnownFileType = sourcecode.swift; path = APIManager.swift; sourceTree = "<group>"; };
		D68B52AD2C19A0BF00835613 /* APIModel.swift */ = {isa = PBXFileReference; lastKnownFileType = sourcecode.swift; path = APIModel.swift; sourceTree = "<group>"; };
/* End PBXFileReference section */

/* Begin PBXFrameworksBuildPhase section */
		D68B528E2C19992900835613 /* Frameworks */ = {
			isa = PBXFrameworksBuildPhase;
			buildActionMask = 2147483647;
			files = (
			);
			runOnlyForDeploymentPostprocessing = 0;
		};
/* End PBXFrameworksBuildPhase section */

/* Begin PBXGroup section */
		D68B52882C19992900835613 = {
			isa = PBXGroup;
			children = (
				D68B52932C19992900835613 /* APIcrud */,
				D68B52922C19992900835613 /* Products */,
			);
			sourceTree = "<group>";
		};
		D68B52922C19992900835613 /* Products */ = {
			isa = PBXGroup;
			children = (
				D68B52912C19992900835613 /* APIcrud.app */,
			);
			name = Products;
			sourceTree = "<group>";
		};
		D68B52932C19992900835613 /* APIcrud */ = {
			isa = PBXGroup;
			children = (
				D68B52AA2C199AD600835613 /* View */,
				D68B52A92C199ACC00835613 /* Model */,
				D68B52A82C199A9500835613 /* Controllers */,
				D68B52942C19992900835613 /* AppDelegate.swift */,
				D68B52962C19992900835613 /* SceneDelegate.swift */,
				D68B529A2C19992900835613 /* Main.storyboard */,
				D68B529D2C19992A00835613 /* Assets.xcassets */,
				D68B529F2C19992A00835613 /* LaunchScreen.storyboard */,
				D68B52A22C19992A00835613 /* Info.plist */,
			);
			path = APIcrud;
			sourceTree = "<group>";
		};
		D68B52A82C199A9500835613 /* Controllers */ = {
			isa = PBXGroup;
			children = (
				D68B52982C19992900835613 /* ViewController.swift */,
			);
			path = Controllers;
			sourceTree = "<group>";
		};
		D68B52A92C199ACC00835613 /* Model */ = {
			isa = PBXGroup;
			children = (
				D68B52AB2C199DC100835613 /* APIManager.swift */,
				D68B52AD2C19A0BF00835613 /* APIModel.swift */,
			);
			path = Model;
			sourceTree = "<group>";
		};
		D68B52AA2C199AD600835613 /* View */ = {
			isa = PBXGroup;
			children = (
			);
			path = View;
			sourceTree = "<group>";
		};
/* End PBXGroup section */

/* Begin PBXNativeTarget section */
		D68B52902C19992900835613 /* APIcrud */ = {
			isa = PBXNativeTarget;
			buildConfigurationList = D68B52A52C19992A00835613 /* Build configuration list for PBXNativeTarget "APIcrud" */;
			buildPhases = (
				D68B528D2C19992900835613 /* Sources */,
				D68B528E2C19992900835613 /* Frameworks */,
				D68B528F2C19992900835613 /* Resources */,
			);
			buildRules = (
			);
			dependencies = (
			);
			name = APIcrud;
			productName = APIcrud;
			productReference = D68B52912C19992900835613 /* APIcrud.app */;
			productType = "com.apple.product-type.application";
		};
/* End PBXNativeTarget section */

/* Begin PBXProject section */
		D68B52892C19992900835613 /* Project object */ = {
			isa = PBXProject;
			attributes = {
				BuildIndependentTargetsInParallel = 1;
				LastSwiftUpdateCheck = 1540;
				LastUpgradeCheck = 1540;
				TargetAttributes = {
					D68B52902C19992900835613 = {
						CreatedOnToolsVersion = 15.4;
					};
				};
			};
			buildConfigurationList = D68B528C2C19992900835613 /* Build configuration list for PBXProject "APIcrud" */;
			compatibilityVersion = "Xcode 14.0";
			developmentRegion = en;
			hasScannedForEncodings = 0;
			knownRegions = (
				en,
				Base,
			);
			mainGroup = D68B52882C19992900835613;
			productRefGroup = D68B52922C19992900835613 /* Products */;
			projectDirPath = "";
			projectRoot = "";
			targets = (
				D68B52902C19992900835613 /* APIcrud */,
			);
		};
/* End PBXProject section */

/* Begin PBXResourcesBuildPhase section */
		D68B528F2C19992900835613 /* Resources */ = {
			isa = PBXResourcesBuildPhase;
			buildActionMask = 2147483647;
			files = (
				D68B529E2C19992A00835613 /* Assets.xcassets in Resources */,
				D68B52A12C19992A00835613 /* Base in Resources */,
				D68B529C2C19992900835613 /* Base in Resources */,
			);
			runOnlyForDeploymentPostprocessing = 0;
		};
/* End PBXResourcesBuildPhase section */

/* Begin PBXSourcesBuildPhase section */
		D68B528D2C19992900835613 /* Sources */ = {
			isa = PBXSourcesBuildPhase;
			buildActionMask = 2147483647;
			files = (
				D68B52AC2C199DC100835613 /* APIManager.swift in Sources */,
				D68B52992C19992900835613 /* ViewController.swift in Sources */,
				D68B52952C19992900835613 /* AppDelegate.swift in Sources */,
				D68B52972C19992900835613 /* SceneDelegate.swift in Sources */,
				D68B52AE2C19A0BF00835613 /* APIModel.swift in Sources */,
			);
			runOnlyForDeploymentPostprocessing = 0;
		};
/* End PBXSourcesBuildPhase section */

/* Begin PBXVariantGroup section */
		D68B529A2C19992900835613 /* Main.storyboard */ = {
			isa = PBXVariantGroup;
			children = (
				D68B529B2C19992900835613 /* Base */,
			);
			name = Main.storyboard;
			sourceTree = "<group>";
		};
		D68B529F2C19992A00835613 /* LaunchScreen.storyboard */ = {
			isa = PBXVariantGroup;
			children = (
				D68B52A02C19992A00835613 /* Base */,
			);
			name = LaunchScreen.storyboard;
			sourceTree = "<group>";
		};
/* End PBXVariantGroup section */

/* Begin XCBuildConfiguration section */
		D68B52A32C19992A00835613 /* Debug */ = {
			isa = XCBuildConfiguration;
			buildSettings = {
				ALWAYS_SEARCH_USER_PATHS = NO;
				ASSETCATALOG_COMPILER_GENERATE_SWIFT_ASSET_SYMBOL_EXTENSIONS = YES;
				CLANG_ANALYZER_NONNULL = YES;
				CLANG_ANALYZER_NUMBER_OBJECT_CONVERSION = YES_AGGRESSIVE;
				CLANG_CXX_LANGUAGE_STANDARD = "gnu++20";
				CLANG_ENABLE_MODULES = YES;
				CLANG_ENABLE_OBJC_ARC = YES;
				CLANG_ENABLE_OBJC_WEAK = YES;
				CLANG_WARN_BLOCK_CAPTURE_AUTORELEASING = YES;
				CLANG_WARN_BOOL_CONVERSION = YES;
				CLANG_WARN_COMMA = YES;
				CLANG_WARN_CONSTANT_CONVERSION = YES;
				CLANG_WARN_DEPRECATED_OBJC_IMPLEMENTATIONS = YES;
				CLANG_WARN_DIRECT_OBJC_ISA_USAGE = YES_ERROR;
				CLANG_WARN_DOCUMENTATION_COMMENTS = YES;
				CLANG_WARN_EMPTY_BODY = YES;
				CLANG_WARN_ENUM_CONVERSION = YES;
				CLANG_WARN_INFINITE_RECURSION = YES;
				CLANG_WARN_INT_CONVERSION = YES;
				CLANG_WARN_NON_LITERAL_NULL_CONVERSION = YES;
				CLANG_WARN_OBJC_IMPLICIT_RETAIN_SELF = YES;
				CLANG_WARN_OBJC_LITERAL_CONVERSION = YES;
				CLANG_WARN_OBJC_ROOT_CLASS = YES_ERROR;
				CLANG_WARN_QUOTED_INCLUDE_IN_FRAMEWORK_HEADER = YES;
				CLANG_WARN_RANGE_LOOP_ANALYSIS = YES;
				CLANG_WARN_STRICT_PROTOTYPES = YES;
				CLANG_WARN_SUSPICIOUS_MOVE = YES;
				CLANG_WARN_UNGUARDED_AVAILABILITY = YES_AGGRESSIVE;
				CLANG_WARN_UNREACHABLE_CODE = YES;
				CLANG_WARN__DUPLICATE_METHOD_MATCH = YES;
				COPY_PHASE_STRIP = NO;
				DEBUG_INFORMATION_FORMAT = dwarf;
				ENABLE_STRICT_OBJC_MSGSEND = YES;
				ENABLE_TESTABILITY = YES;
				ENABLE_USER_SCRIPT_SANDBOXING = YES;
				GCC_C_LANGUAGE_STANDARD = gnu17;
				GCC_DYNAMIC_NO_PIC = NO;
				GCC_NO_COMMON_BLOCKS = YES;
				GCC_OPTIMIZATION_LEVEL = 0;
				GCC_PREPROCESSOR_DEFINITIONS = (
					"DEBUG=1",
					"$(inherited)",
				);
				GCC_WARN_64_TO_32_BIT_CONVERSION = YES;
				GCC_WARN_ABOUT_RETURN_TYPE = YES_ERROR;
				GCC_WARN_UNDECLARED_SELECTOR = YES;
				GCC_WARN_UNINITIALIZED_AUTOS = YES_AGGRESSIVE;
				GCC_WARN_UNUSED_FUNCTION = YES;
				GCC_WARN_UNUSED_VARIABLE = YES;
				IPHONEOS_DEPLOYMENT_TARGET = 17.5;
				LOCALIZATION_PREFERS_STRING_CATALOGS = YES;
				MTL_ENABLE_DEBUG_INFO = INCLUDE_SOURCE;
				MTL_FAST_MATH = YES;
				ONLY_ACTIVE_ARCH = YES;
				SDKROOT = iphoneos;
				SWIFT_ACTIVE_COMPILATION_CONDITIONS = "DEBUG $(inherited)";
				SWIFT_OPTIMIZATION_LEVEL = "-Onone";
			};
			name = Debug;
		};
		D68B52A42C19992A00835613 /* Release */ = {
			isa = XCBuildConfiguration;
			buildSettings = {
				ALWAYS_SEARCH_USER_PATHS = NO;
				ASSETCATALOG_COMPILER_GENERATE_SWIFT_ASSET_SYMBOL_EXTENSIONS = YES;
				CLANG_ANALYZER_NONNULL = YES;
				CLANG_ANALYZER_NUMBER_OBJECT_CONVERSION = YES_AGGRESSIVE;
				CLANG_CXX_LANGUAGE_STANDARD = "gnu++20";
				CLANG_ENABLE_MODULES = YES;
				CLANG_ENABLE_OBJC_ARC = YES;
				CLANG_ENABLE_OBJC_WEAK = YES;
				CLANG_WARN_BLOCK_CAPTURE_AUTORELEASING = YES;
				CLANG_WARN_BOOL_CONVERSION = YES;
				CLANG_WARN_COMMA = YES;
				CLANG_WARN_CONSTANT_CONVERSION = YES;
				CLANG_WARN_DEPRECATED_OBJC_IMPLEMENTATIONS = YES;
				CLANG_WARN_DIRECT_OBJC_ISA_USAGE = YES_ERROR;
				CLANG_WARN_DOCUMENTATION_COMMENTS = YES;
				CLANG_WARN_EMPTY_BODY = YES;
				CLANG_WARN_ENUM_CONVERSION = YES;
				CLANG_WARN_INFINITE_RECURSION = YES;
				CLANG_WARN_INT_CONVERSION = YES;
				CLANG_WARN_NON_LITERAL_NULL_CONVERSION = YES;
				CLANG_WARN_OBJC_IMPLICIT_RETAIN_SELF = YES;
				CLANG_WARN_OBJC_LITERAL_CONVERSION = YES;
				CLANG_WARN_OBJC_ROOT_CLASS = YES_ERROR;
				CLANG_WARN_QUOTED_INCLUDE_IN_FRAMEWORK_HEADER = YES;
				CLANG_WARN_RANGE_LOOP_ANALYSIS = YES;
				CLANG_WARN_STRICT_PROTOTYPES = YES;
				CLANG_WARN_SUSPICIOUS_MOVE = YES;
				CLANG_WARN_UNGUARDED_AVAILABILITY = YES_AGGRESSIVE;
				CLANG_WARN_UNREACHABLE_CODE = YES;
				CLANG_WARN__DUPLICATE_METHOD_MATCH = YES;
				COPY_PHASE_STRIP = NO;
				DEBUG_INFORMATION_FORMAT = "dwarf-with-dsym";
				ENABLE_NS_ASSERTIONS = NO;
				ENABLE_STRICT_OBJC_MSGSEND = YES;
				ENABLE_USER_SCRIPT_SANDBOXING = YES;
				GCC_C_LANGUAGE_STANDARD = gnu17;
				GCC_NO_COMMON_BLOCKS = YES;
				GCC_WARN_64_TO_32_BIT_CONVERSION = YES;
				GCC_WARN_ABOUT_RETURN_TYPE = YES_ERROR;
				GCC_WARN_UNDECLARED_SELECTOR = YES;
				GCC_WARN_UNINITIALIZED_AUTOS = YES_AGGRESSIVE;
				GCC_WARN_UNUSED_FUNCTION = YES;
				GCC_WARN_UNUSED_VARIABLE = YES;
				IPHONEOS_DEPLOYMENT_TARGET = 17.5;
				LOCALIZATION_PREFERS_STRING_CATALOGS = YES;
				MTL_ENABLE_DEBUG_INFO = NO;
				MTL_FAST_MATH = YES;
				SDKROOT = iphoneos;
				SWIFT_COMPILATION_MODE = wholemodule;
				VALIDATE_PRODUCT = YES;
			};
			name = Release;
		};
		D68B52A62C19992A00835613 /* Debug */ = {
			isa = XCBuildConfiguration;
			buildSettings = {
				ASSETCATALOG_COMPILER_APPICON_NAME = AppIcon;
				ASSETCATALOG_COMPILER_GLOBAL_ACCENT_COLOR_NAME = AccentColor;
				CODE_SIGN_STYLE = Automatic;
				CURRENT_PROJECT_VERSION = 1;
				DEVELOPMENT_TEAM = G4C3VCJCU3;
				GENERATE_INFOPLIST_FILE = YES;
				INFOPLIST_FILE = APIcrud/Info.plist;
				INFOPLIST_KEY_UIApplicationSupportsIndirectInputEvents = YES;
				INFOPLIST_KEY_UILaunchStoryboardName = LaunchScreen;
				INFOPLIST_KEY_UIMainStoryboardFile = Main;
				INFOPLIST_KEY_UISupportedInterfaceOrientations_iPad = "UIInterfaceOrientationPortrait UIInterfaceOrientationPortraitUpsideDown UIInterfaceOrientationLandscapeLeft UIInterfaceOrientationLandscapeRight";
				INFOPLIST_KEY_UISupportedInterfaceOrientations_iPhone = "UIInterfaceOrientationPortrait UIInterfaceOrientationLandscapeLeft UIInterfaceOrientationLandscapeRight";
				LD_RUNPATH_SEARCH_PATHS = (
					"$(inherited)",
					"@executable_path/Frameworks",
				);
				MARKETING_VERSION = 1.0;
				PRODUCT_BUNDLE_IDENTIFIER = com.AyushBhople.APIcrud;
				PRODUCT_NAME = "$(TARGET_NAME)";
				SWIFT_EMIT_LOC_STRINGS = YES;
				SWIFT_VERSION = 5.0;
				TARGETED_DEVICE_FAMILY = "1,2";
			};
			name = Debug;
		};
		D68B52A72C19992A00835613 /* Release */ = {
			isa = XCBuildConfiguration;
			buildSettings = {
				ASSETCATALOG_COMPILER_APPICON_NAME = AppIcon;
				ASSETCATALOG_COMPILER_GLOBAL_ACCENT_COLOR_NAME = AccentColor;
				CODE_SIGN_STYLE = Automatic;
				CURRENT_PROJECT_VERSION = 1;
				DEVELOPMENT_TEAM = G4C3VCJCU3;
				GENERATE_INFOPLIST_FILE = YES;
				INFOPLIST_FILE = APIcrud/Info.plist;
				INFOPLIST_KEY_UIApplicationSupportsIndirectInputEvents = YES;
				INFOPLIST_KEY_UILaunchStoryboardName = LaunchScreen;
				INFOPLIST_KEY_UIMainStoryboardFile = Main;
				INFOPLIST_KEY_UISupportedInterfaceOrientations_iPad = "UIInterfaceOrientationPortrait UIInterfaceOrientationPortraitUpsideDown UIInterfaceOrientationLandscapeLeft UIInterfaceOrientationLandscapeRight";
				INFOPLIST_KEY_UISupportedInterfaceOrientations_iPhone = "UIInterfaceOrientationPortrait UIInterfaceOrientationLandscapeLeft UIInterfaceOrientationLandscapeRight";
				LD_RUNPATH_SEARCH_PATHS = (
					"$(inherited)",
					"@executable_path/Frameworks",
				);
				MARKETING_VERSION = 1.0;
				PRODUCT_BUNDLE_IDENTIFIER = com.AyushBhople.APIcrud;
				PRODUCT_NAME = "$(TARGET_NAME)";
				SWIFT_EMIT_LOC_STRINGS = YES;
				SWIFT_VERSION = 5.0;
				TARGETED_DEVICE_FAMILY = "1,2";
			};
			name = Release;
		};
/* End XCBuildConfiguration section */

/* Begin XCConfigurationList section */
		D68B528C2C19992900835613 /* Build configuration list for PBXProject "APIcrud" */ = {
			isa = XCConfigurationList;
			buildConfigurations = (
				D68B52A32C19992A00835613 /* Debug */,
				D68B52A42C19992A00835613 /* Release */,
			);
			defaultConfigurationIsVisible = 0;
			defaultConfigurationName = Release;
		};
		D68B52A52C19992A00835613 /* Build configuration list for PBXNativeTarget "APIcrud" */ = {
			isa = XCConfigurationList;
			buildConfigurations = (
				D68B52A62C19992A00835613 /* Debug */,
				D68B52A72C19992A00835613 /* Release */,
			);
			defaultConfigurationIsVisible = 0;
			defaultConfigurationName = Release;
		};
/* End XCConfigurationList section */
	};
	rootObject = D68B52892C19992900835613 /* Project object */;
}
